
Microsoft Visual Studio Solution File, Format Version 12.00
# Visual Studio Version 16
VisualStudioVersion = 16.0.29411.108
MinimumVisualStudioVersion = 10.0.40219.1
Project("{9A19103F-16F7-4668-BE54-9A1E7A4F7556}") = "Penguin.Email.Templating.Abstractions", "Penguin.Email.Templating.Abstractions.csproj", "{7A1C8FCD-C958-46A2-803E-21D4CE3CCE2A}"
EndProject
Global
	GlobalSection(SolutionConfigurationPlatforms) = preSolution
		Debug|Any CPU = Debug|Any CPU
		Release|Any CPU = Release|Any CPU
	EndGlobalSection
	GlobalSection(ProjectConfigurationPlatforms) = postSolution
		{7A1C8FCD-C958-46A2-803E-21D4CE3CCE2A}.Debug|Any CPU.ActiveCfg = Debug|Any CPU
		{7A1C8FCD-C958-46A2-803E-21D4CE3CCE2A}.Debug|Any CPU.Build.0 = Debug|Any CPU
		{7A1C8FCD-C958-46A2-803E-21D4CE3CCE2A}.Release|Any CPU.ActiveCfg = Release|Any CPU
		{7A1C8FCD-C958-46A2-803E-21D4CE3CCE2A}.Release|Any CPU.Build.0 = Release|Any CPU
	EndGlobalSection
	GlobalSection(SolutionProperties) = preSolution
		HideSolutionNode = FALSE
	EndGlobalSection
	GlobalSection(ExtensibilityGlobals) = postSolution
		SolutionGuid = {E790F298-BDC4-4307-A99C-6A0F7E556B8A}
	EndGlobalSection
EndGlobal
