
Microsoft Visual Studio Solution File, Format Version 12.00
# Visual Studio Version 16
VisualStudioVersion = 16.6.30114.105
MinimumVisualStudioVersion = 10.0.40219.1
Project("{FAE04EC0-301F-11D3-BF4B-00C04F79EFBC}") = "Penguin.Email.Templating.Abstractions.Local", "Penguin.Email.Templating.Abstractions.Local.csproj", "{F89E09F6-4690-4163-8BBE-541D0A2DE2A3}"
EndProject
Project("{FAE04EC0-301F-11D3-BF4B-00C04F79EFBC}") = "Penguin.Email.Abstractions.Local", "..\Penguin.Email.Abstractions\Penguin.Email.Abstractions.Local.csproj", "{278B7A16-16E2-472A-82D3-7B878F42F094}"
EndProject
Project("{FAE04EC0-301F-11D3-BF4B-00C04F79EFBC}") = "Penguin.Files.Abstractions.Local", "..\Penguin.Files.Abstractions\Penguin.Files.Abstractions.Local.csproj", "{E42FFF52-CFD5-45CB-9873-F87A494B95D6}"
EndProject
Project("{FAE04EC0-301F-11D3-BF4B-00C04F79EFBC}") = "Penguin.Templating.Abstractions.Local", "..\Penguin.Templating.Abstractions\Penguin.Templating.Abstractions.Local.csproj", "{DACEE1D4-D0F7-42A7-8682-1948C46B6F6E}"
EndProject
Global
	GlobalSection(SolutionConfigurationPlatforms) = preSolution
		Debug|Any CPU = Debug|Any CPU
		Debug|x64 = Debug|x64
		Debug|x86 = Debug|x86
		Release|Any CPU = Release|Any CPU
		Release|x64 = Release|x64
		Release|x86 = Release|x86
	EndGlobalSection
	GlobalSection(SolutionProperties) = preSolution
		HideSolutionNode = FALSE
	EndGlobalSection
	GlobalSection(ProjectConfigurationPlatforms) = postSolution
		{F89E09F6-4690-4163-8BBE-541D0A2DE2A3}.Debug|Any CPU.ActiveCfg = Debug|Any CPU
		{F89E09F6-4690-4163-8BBE-541D0A2DE2A3}.Debug|Any CPU.Build.0 = Debug|Any CPU
		{F89E09F6-4690-4163-8BBE-541D0A2DE2A3}.Debug|x64.ActiveCfg = Debug|Any CPU
		{F89E09F6-4690-4163-8BBE-541D0A2DE2A3}.Debug|x64.Build.0 = Debug|Any CPU
		{F89E09F6-4690-4163-8BBE-541D0A2DE2A3}.Debug|x86.ActiveCfg = Debug|Any CPU
		{F89E09F6-4690-4163-8BBE-541D0A2DE2A3}.Debug|x86.Build.0 = Debug|Any CPU
		{F89E09F6-4690-4163-8BBE-541D0A2DE2A3}.Release|Any CPU.ActiveCfg = Release|Any CPU
		{F89E09F6-4690-4163-8BBE-541D0A2DE2A3}.Release|Any CPU.Build.0 = Release|Any CPU
		{F89E09F6-4690-4163-8BBE-541D0A2DE2A3}.Release|x64.ActiveCfg = Release|Any CPU
		{F89E09F6-4690-4163-8BBE-541D0A2DE2A3}.Release|x64.Build.0 = Release|Any CPU
		{F89E09F6-4690-4163-8BBE-541D0A2DE2A3}.Release|x86.ActiveCfg = Release|Any CPU
		{F89E09F6-4690-4163-8BBE-541D0A2DE2A3}.Release|x86.Build.0 = Release|Any CPU
		{278B7A16-16E2-472A-82D3-7B878F42F094}.Debug|Any CPU.ActiveCfg = Debug|Any CPU
		{278B7A16-16E2-472A-82D3-7B878F42F094}.Debug|Any CPU.Build.0 = Debug|Any CPU
		{278B7A16-16E2-472A-82D3-7B878F42F094}.Debug|x64.ActiveCfg = Debug|Any CPU
		{278B7A16-16E2-472A-82D3-7B878F42F094}.Debug|x64.Build.0 = Debug|Any CPU
		{278B7A16-16E2-472A-82D3-7B878F42F094}.Debug|x86.ActiveCfg = Debug|Any CPU
		{278B7A16-16E2-472A-82D3-7B878F42F094}.Debug|x86.Build.0 = Debug|Any CPU
		{278B7A16-16E2-472A-82D3-7B878F42F094}.Release|Any CPU.ActiveCfg = Release|Any CPU
		{278B7A16-16E2-472A-82D3-7B878F42F094}.Release|Any CPU.Build.0 = Release|Any CPU
		{278B7A16-16E2-472A-82D3-7B878F42F094}.Release|x64.ActiveCfg = Release|Any CPU
		{278B7A16-16E2-472A-82D3-7B878F42F094}.Release|x64.Build.0 = Release|Any CPU
		{278B7A16-16E2-472A-82D3-7B878F42F094}.Release|x86.ActiveCfg = Release|Any CPU
		{278B7A16-16E2-472A-82D3-7B878F42F094}.Release|x86.Build.0 = Release|Any CPU
		{E42FFF52-CFD5-45CB-9873-F87A494B95D6}.Debug|Any CPU.ActiveCfg = Debug|Any CPU
		{E42FFF52-CFD5-45CB-9873-F87A494B95D6}.Debug|Any CPU.Build.0 = Debug|Any CPU
		{E42FFF52-CFD5-45CB-9873-F87A494B95D6}.Debug|x64.ActiveCfg = Debug|Any CPU
		{E42FFF52-CFD5-45CB-9873-F87A494B95D6}.Debug|x64.Build.0 = Debug|Any CPU
		{E42FFF52-CFD5-45CB-9873-F87A494B95D6}.Debug|x86.ActiveCfg = Debug|Any CPU
		{E42FFF52-CFD5-45CB-9873-F87A494B95D6}.Debug|x86.Build.0 = Debug|Any CPU
		{E42FFF52-CFD5-45CB-9873-F87A494B95D6}.Release|Any CPU.ActiveCfg = Release|Any CPU
		{E42FFF52-CFD5-45CB-9873-F87A494B95D6}.Release|Any CPU.Build.0 = Release|Any CPU
		{E42FFF52-CFD5-45CB-9873-F87A494B95D6}.Release|x64.ActiveCfg = Release|Any CPU
		{E42FFF52-CFD5-45CB-9873-F87A494B95D6}.Release|x64.Build.0 = Release|Any CPU
		{E42FFF52-CFD5-45CB-9873-F87A494B95D6}.Release|x86.ActiveCfg = Release|Any CPU
		{E42FFF52-CFD5-45CB-9873-F87A494B95D6}.Release|x86.Build.0 = Release|Any CPU
		{DACEE1D4-D0F7-42A7-8682-1948C46B6F6E}.Debug|Any CPU.ActiveCfg = Debug|Any CPU
		{DACEE1D4-D0F7-42A7-8682-1948C46B6F6E}.Debug|Any CPU.Build.0 = Debug|Any CPU
		{DACEE1D4-D0F7-42A7-8682-1948C46B6F6E}.Debug|x64.ActiveCfg = Debug|Any CPU
		{DACEE1D4-D0F7-42A7-8682-1948C46B6F6E}.Debug|x64.Build.0 = Debug|Any CPU
		{DACEE1D4-D0F7-42A7-8682-1948C46B6F6E}.Debug|x86.ActiveCfg = Debug|Any CPU
		{DACEE1D4-D0F7-42A7-8682-1948C46B6F6E}.Debug|x86.Build.0 = Debug|Any CPU
		{DACEE1D4-D0F7-42A7-8682-1948C46B6F6E}.Release|Any CPU.ActiveCfg = Release|Any CPU
		{DACEE1D4-D0F7-42A7-8682-1948C46B6F6E}.Release|Any CPU.Build.0 = Release|Any CPU
		{DACEE1D4-D0F7-42A7-8682-1948C46B6F6E}.Release|x64.ActiveCfg = Release|Any CPU
		{DACEE1D4-D0F7-42A7-8682-1948C46B6F6E}.Release|x64.Build.0 = Release|Any CPU
		{DACEE1D4-D0F7-42A7-8682-1948C46B6F6E}.Release|x86.ActiveCfg = Release|Any CPU
		{DACEE1D4-D0F7-42A7-8682-1948C46B6F6E}.Release|x86.Build.0 = Release|Any CPU
	EndGlobalSection
EndGlobal
