
Microsoft Visual Studio Solution File, Format Version 12.00
# Visual Studio 15
VisualStudioVersion = 15.0.26124.0
MinimumVisualStudioVersion = 15.0.26124.0
Project("{FAE04EC0-301F-11D3-BF4B-00C04F79EFBC}") = "Penguin.Email.Templating.Abstractions.Local", "Penguin.Email.Templating.Abstractions.Local.csproj", "{A225E9DE-7D42-4A66-8A82-924E6830F787}"
EndProject
Project("{FAE04EC0-301F-11D3-BF4B-00C04F79EFBC}") = "Penguin.Email.Abstractions.Local", "..\Penguin.Email.Abstractions\Penguin.Email.Abstractions.Local.csproj", "{901DFD84-41BA-499B-902F-FE91D0241C3C}"
EndProject
Project("{FAE04EC0-301F-11D3-BF4B-00C04F79EFBC}") = "Penguin.Files.Abstractions.Local", "..\Penguin.Files.Abstractions\Penguin.Files.Abstractions.Local.csproj", "{C5177AD6-50B0-4B2D-9876-A9C169E375B8}"
EndProject
Project("{FAE04EC0-301F-11D3-BF4B-00C04F79EFBC}") = "Penguin.Templating.Abstractions.Local", "..\Penguin.Templating.Abstractions\Penguin.Templating.Abstractions.Local.csproj", "{E460554A-E757-4DF7-A4E0-07DCF2E4D043}"
EndProject
Global
	GlobalSection(SolutionConfigurationPlatforms) = preSolution
		Debug|Any CPU = Debug|Any CPU
		Debug|x64 = Debug|x64
		Debug|x86 = Debug|x86
		Release|Any CPU = Release|Any CPU
		Release|x64 = Release|x64
		Release|x86 = Release|x86
	EndGlobalSection
	GlobalSection(SolutionProperties) = preSolution
		HideSolutionNode = FALSE
	EndGlobalSection
	GlobalSection(ProjectConfigurationPlatforms) = postSolution
		{A225E9DE-7D42-4A66-8A82-924E6830F787}.Debug|Any CPU.ActiveCfg = Debug|Any CPU
		{A225E9DE-7D42-4A66-8A82-924E6830F787}.Debug|Any CPU.Build.0 = Debug|Any CPU
		{A225E9DE-7D42-4A66-8A82-924E6830F787}.Debug|x64.ActiveCfg = Debug|Any CPU
		{A225E9DE-7D42-4A66-8A82-924E6830F787}.Debug|x64.Build.0 = Debug|Any CPU
		{A225E9DE-7D42-4A66-8A82-924E6830F787}.Debug|x86.ActiveCfg = Debug|Any CPU
		{A225E9DE-7D42-4A66-8A82-924E6830F787}.Debug|x86.Build.0 = Debug|Any CPU
		{A225E9DE-7D42-4A66-8A82-924E6830F787}.Release|Any CPU.ActiveCfg = Release|Any CPU
		{A225E9DE-7D42-4A66-8A82-924E6830F787}.Release|Any CPU.Build.0 = Release|Any CPU
		{A225E9DE-7D42-4A66-8A82-924E6830F787}.Release|x64.ActiveCfg = Release|Any CPU
		{A225E9DE-7D42-4A66-8A82-924E6830F787}.Release|x64.Build.0 = Release|Any CPU
		{A225E9DE-7D42-4A66-8A82-924E6830F787}.Release|x86.ActiveCfg = Release|Any CPU
		{A225E9DE-7D42-4A66-8A82-924E6830F787}.Release|x86.Build.0 = Release|Any CPU
		{901DFD84-41BA-499B-902F-FE91D0241C3C}.Debug|Any CPU.ActiveCfg = Debug|Any CPU
		{901DFD84-41BA-499B-902F-FE91D0241C3C}.Debug|Any CPU.Build.0 = Debug|Any CPU
		{901DFD84-41BA-499B-902F-FE91D0241C3C}.Debug|x64.ActiveCfg = Debug|Any CPU
		{901DFD84-41BA-499B-902F-FE91D0241C3C}.Debug|x64.Build.0 = Debug|Any CPU
		{901DFD84-41BA-499B-902F-FE91D0241C3C}.Debug|x86.ActiveCfg = Debug|Any CPU
		{901DFD84-41BA-499B-902F-FE91D0241C3C}.Debug|x86.Build.0 = Debug|Any CPU
		{901DFD84-41BA-499B-902F-FE91D0241C3C}.Release|Any CPU.ActiveCfg = Release|Any CPU
		{901DFD84-41BA-499B-902F-FE91D0241C3C}.Release|Any CPU.Build.0 = Release|Any CPU
		{901DFD84-41BA-499B-902F-FE91D0241C3C}.Release|x64.ActiveCfg = Release|Any CPU
		{901DFD84-41BA-499B-902F-FE91D0241C3C}.Release|x64.Build.0 = Release|Any CPU
		{901DFD84-41BA-499B-902F-FE91D0241C3C}.Release|x86.ActiveCfg = Release|Any CPU
		{901DFD84-41BA-499B-902F-FE91D0241C3C}.Release|x86.Build.0 = Release|Any CPU
		{C5177AD6-50B0-4B2D-9876-A9C169E375B8}.Debug|Any CPU.ActiveCfg = Debug|Any CPU
		{C5177AD6-50B0-4B2D-9876-A9C169E375B8}.Debug|Any CPU.Build.0 = Debug|Any CPU
		{C5177AD6-50B0-4B2D-9876-A9C169E375B8}.Debug|x64.ActiveCfg = Debug|Any CPU
		{C5177AD6-50B0-4B2D-9876-A9C169E375B8}.Debug|x64.Build.0 = Debug|Any CPU
		{C5177AD6-50B0-4B2D-9876-A9C169E375B8}.Debug|x86.ActiveCfg = Debug|Any CPU
		{C5177AD6-50B0-4B2D-9876-A9C169E375B8}.Debug|x86.Build.0 = Debug|Any CPU
		{C5177AD6-50B0-4B2D-9876-A9C169E375B8}.Release|Any CPU.ActiveCfg = Release|Any CPU
		{C5177AD6-50B0-4B2D-9876-A9C169E375B8}.Release|Any CPU.Build.0 = Release|Any CPU
		{C5177AD6-50B0-4B2D-9876-A9C169E375B8}.Release|x64.ActiveCfg = Release|Any CPU
		{C5177AD6-50B0-4B2D-9876-A9C169E375B8}.Release|x64.Build.0 = Release|Any CPU
		{C5177AD6-50B0-4B2D-9876-A9C169E375B8}.Release|x86.ActiveCfg = Release|Any CPU
		{C5177AD6-50B0-4B2D-9876-A9C169E375B8}.Release|x86.Build.0 = Release|Any CPU
		{E460554A-E757-4DF7-A4E0-07DCF2E4D043}.Debug|Any CPU.ActiveCfg = Debug|Any CPU
		{E460554A-E757-4DF7-A4E0-07DCF2E4D043}.Debug|Any CPU.Build.0 = Debug|Any CPU
		{E460554A-E757-4DF7-A4E0-07DCF2E4D043}.Debug|x64.ActiveCfg = Debug|Any CPU
		{E460554A-E757-4DF7-A4E0-07DCF2E4D043}.Debug|x64.Build.0 = Debug|Any CPU
		{E460554A-E757-4DF7-A4E0-07DCF2E4D043}.Debug|x86.ActiveCfg = Debug|Any CPU
		{E460554A-E757-4DF7-A4E0-07DCF2E4D043}.Debug|x86.Build.0 = Debug|Any CPU
		{E460554A-E757-4DF7-A4E0-07DCF2E4D043}.Release|Any CPU.ActiveCfg = Release|Any CPU
		{E460554A-E757-4DF7-A4E0-07DCF2E4D043}.Release|Any CPU.Build.0 = Release|Any CPU
		{E460554A-E757-4DF7-A4E0-07DCF2E4D043}.Release|x64.ActiveCfg = Release|Any CPU
		{E460554A-E757-4DF7-A4E0-07DCF2E4D043}.Release|x64.Build.0 = Release|Any CPU
		{E460554A-E757-4DF7-A4E0-07DCF2E4D043}.Release|x86.ActiveCfg = Release|Any CPU
		{E460554A-E757-4DF7-A4E0-07DCF2E4D043}.Release|x86.Build.0 = Release|Any CPU
	EndGlobalSection
EndGlobal
